// !$*UTF8*$!
{
	archiveVersion = 1;
	classes = {
	};
	objectVersion = 51;
	objects = {

/* Begin PBXBuildFile section */
		6043A28526512EB300D75386 /* SwipeTableViewController.swift in Sources */ = {isa = PBXBuildFile; fileRef = 6043A28426512EB300D75386 /* SwipeTableViewController.swift */; };
		608525DA2635A3A90012B132 /* AppDelegate.swift in Sources */ = {isa = PBXBuildFile; fileRef = 608525D92635A3A90012B132 /* AppDelegate.swift */; };
		608525DC2635A3A90012B132 /* SceneDelegate.swift in Sources */ = {isa = PBXBuildFile; fileRef = 608525DB2635A3A90012B132 /* SceneDelegate.swift */; };
		608525DE2635A3A90012B132 /* TodoListViewController.swift in Sources */ = {isa = PBXBuildFile; fileRef = 608525DD2635A3A90012B132 /* TodoListViewController.swift */; };
		608525E12635A3A90012B132 /* Main.storyboard in Resources */ = {isa = PBXBuildFile; fileRef = 608525DF2635A3A90012B132 /* Main.storyboard */; };
		608525E32635A3AB0012B132 /* Assets.xcassets in Resources */ = {isa = PBXBuildFile; fileRef = 608525E22635A3AB0012B132 /* Assets.xcassets */; };
		608525E62635A3AB0012B132 /* LaunchScreen.storyboard in Resources */ = {isa = PBXBuildFile; fileRef = 608525E42635A3AB0012B132 /* LaunchScreen.storyboard */; };
		60C288B4264B310F00BD9B4D /* Item.swift in Sources */ = {isa = PBXBuildFile; fileRef = 60C288B3264B310F00BD9B4D /* Item.swift */; };
		60C288B6264B311700BD9B4D /* Category.swift in Sources */ = {isa = PBXBuildFile; fileRef = 60C288B5264B311700BD9B4D /* Category.swift */; };
		60CB3228264956DA008538ED /* CategoryViewController.swift in Sources */ = {isa = PBXBuildFile; fileRef = 60CB3227264956DA008538ED /* CategoryViewController.swift */; };
		FEB03D444B04995EE985806D /* Pods_Yap.framework in Frameworks */ = {isa = PBXBuildFile; fileRef = 81BB347F59FBD602BC056015 /* Pods_Yap.framework */; };
/* End PBXBuildFile section */

/* Begin PBXFileReference section */
		6043A28426512EB300D75386 /* SwipeTableViewController.swift */ = {isa = PBXFileReference; lastKnownFileType = sourcecode.swift; path = SwipeTableViewController.swift; sourceTree = "<group>"; };
		608525D62635A3A90012B132 /* Yap.app */ = {isa = PBXFileReference; explicitFileType = wrapper.application; includeInIndex = 0; path = Yap.app; sourceTree = BUILT_PRODUCTS_DIR; };
		608525D92635A3A90012B132 /* AppDelegate.swift */ = {isa = PBXFileReference; lastKnownFileType = sourcecode.swift; path = AppDelegate.swift; sourceTree = "<group>"; };
		608525DB2635A3A90012B132 /* SceneDelegate.swift */ = {isa = PBXFileReference; lastKnownFileType = sourcecode.swift; path = SceneDelegate.swift; sourceTree = "<group>"; };
		608525DD2635A3A90012B132 /* TodoListViewController.swift */ = {isa = PBXFileReference; lastKnownFileType = sourcecode.swift; path = TodoListViewController.swift; sourceTree = "<group>"; };
		608525E02635A3A90012B132 /* Base */ = {isa = PBXFileReference; lastKnownFileType = file.storyboard; name = Base; path = Base.lproj/Main.storyboard; sourceTree = "<group>"; };
		608525E22635A3AB0012B132 /* Assets.xcassets */ = {isa = PBXFileReference; lastKnownFileType = folder.assetcatalog; path = Assets.xcassets; sourceTree = "<group>"; };
		608525E52635A3AB0012B132 /* Base */ = {isa = PBXFileReference; lastKnownFileType = file.storyboard; name = Base; path = Base.lproj/LaunchScreen.storyboard; sourceTree = "<group>"; };
		608525E72635A3AB0012B132 /* Info.plist */ = {isa = PBXFileReference; lastKnownFileType = text.plist.xml; path = Info.plist; sourceTree = "<group>"; };
		60C288B3264B310F00BD9B4D /* Item.swift */ = {isa = PBXFileReference; lastKnownFileType = sourcecode.swift; path = Item.swift; sourceTree = "<group>"; };
		60C288B5264B311700BD9B4D /* Category.swift */ = {isa = PBXFileReference; lastKnownFileType = sourcecode.swift; path = Category.swift; sourceTree = "<group>"; };
		60CB3227264956DA008538ED /* CategoryViewController.swift */ = {isa = PBXFileReference; lastKnownFileType = sourcecode.swift; path = CategoryViewController.swift; sourceTree = "<group>"; };
		81BB347F59FBD602BC056015 /* Pods_Yap.framework */ = {isa = PBXFileReference; explicitFileType = wrapper.framework; includeInIndex = 0; path = Pods_Yap.framework; sourceTree = BUILT_PRODUCTS_DIR; };
		BFE626F090F5BA31FD0BDBCC /* Pods-Yap.release.xcconfig */ = {isa = PBXFileReference; includeInIndex = 1; lastKnownFileType = text.xcconfig; name = "Pods-Yap.release.xcconfig"; path = "Target Support Files/Pods-Yap/Pods-Yap.release.xcconfig"; sourceTree = "<group>"; };
		ECF566154DE85D6D49CBD855 /* Pods-Yap.debug.xcconfig */ = {isa = PBXFileReference; includeInIndex = 1; lastKnownFileType = text.xcconfig; name = "Pods-Yap.debug.xcconfig"; path = "Target Support Files/Pods-Yap/Pods-Yap.debug.xcconfig"; sourceTree = "<group>"; };
/* End PBXFileReference section */

/* Begin PBXFrameworksBuildPhase section */
		608525D32635A3A90012B132 /* Frameworks */ = {
			isa = PBXFrameworksBuildPhase;
			buildActionMask = 2147483647;
			files = (
				FEB03D444B04995EE985806D /* Pods_Yap.framework in Frameworks */,
			);
			runOnlyForDeploymentPostprocessing = 0;
		};
/* End PBXFrameworksBuildPhase section */

/* Begin PBXGroup section */
		47CABD5FAB23F9B55989EBAE /* Frameworks */ = {
			isa = PBXGroup;
			children = (
				81BB347F59FBD602BC056015 /* Pods_Yap.framework */,
			);
			name = Frameworks;
			sourceTree = "<group>";
		};
		60344C79263975A400E33787 /* Model */ = {
			isa = PBXGroup;
			children = (
				60C288B5264B311700BD9B4D /* Category.swift */,
				60C288B3264B310F00BD9B4D /* Item.swift */,
			);
			path = Model;
			sourceTree = "<group>";
		};
		60344C7A263975B800E33787 /* Controllers */ = {
			isa = PBXGroup;
			children = (
				60CB3227264956DA008538ED /* CategoryViewController.swift */,
				608525DD2635A3A90012B132 /* TodoListViewController.swift */,
				6043A28426512EB300D75386 /* SwipeTableViewController.swift */,
			);
			path = Controllers;
			sourceTree = "<group>";
		};
		60344C7B263975C600E33787 /* Views */ = {
			isa = PBXGroup;
			children = (
				608525DF2635A3A90012B132 /* Main.storyboard */,
			);
			path = Views;
			sourceTree = "<group>";
		};
		60344C7C263975D200E33787 /* Supporting Files */ = {
			isa = PBXGroup;
			children = (
				608525E22635A3AB0012B132 /* Assets.xcassets */,
				608525E42635A3AB0012B132 /* LaunchScreen.storyboard */,
			);
			path = "Supporting Files";
			sourceTree = "<group>";
		};
		608525CD2635A3A90012B132 = {
			isa = PBXGroup;
			children = (
				608525D82635A3A90012B132 /* Yap */,
				608525D72635A3A90012B132 /* Products */,
				E97D91B590F8B879D0FFB726 /* Pods */,
				47CABD5FAB23F9B55989EBAE /* Frameworks */,
			);
			sourceTree = "<group>";
		};
		608525D72635A3A90012B132 /* Products */ = {
			isa = PBXGroup;
			children = (
				608525D62635A3A90012B132 /* Yap.app */,
			);
			name = Products;
			sourceTree = "<group>";
		};
		608525D82635A3A90012B132 /* Yap */ = {
			isa = PBXGroup;
			children = (
				608525D92635A3A90012B132 /* AppDelegate.swift */,
				608525DB2635A3A90012B132 /* SceneDelegate.swift */,
				60344C79263975A400E33787 /* Model */,
				60344C7A263975B800E33787 /* Controllers */,
				60344C7B263975C600E33787 /* Views */,
				60344C7C263975D200E33787 /* Supporting Files */,
				608525E72635A3AB0012B132 /* Info.plist */,
			);
			path = Yap;
			sourceTree = "<group>";
		};
		E97D91B590F8B879D0FFB726 /* Pods */ = {
			isa = PBXGroup;
			children = (
				ECF566154DE85D6D49CBD855 /* Pods-Yap.debug.xcconfig */,
				BFE626F090F5BA31FD0BDBCC /* Pods-Yap.release.xcconfig */,
			);
			path = Pods;
			sourceTree = "<group>";
		};
/* End PBXGroup section */

/* Begin PBXNativeTarget section */
		608525D52635A3A90012B132 /* Yap */ = {
			isa = PBXNativeTarget;
			buildConfigurationList = 608525EA2635A3AB0012B132 /* Build configuration list for PBXNativeTarget "Yap" */;
			buildPhases = (
				5534C4457F83CA2313C0417D /* [CP] Check Pods Manifest.lock */,
				608525D22635A3A90012B132 /* Sources */,
				608525D32635A3A90012B132 /* Frameworks */,
				608525D42635A3A90012B132 /* Resources */,
				F8BA71B92D8BFC4E6E51FBD8 /* [CP] Embed Pods Frameworks */,
			);
			buildRules = (
			);
			dependencies = (
			);
			name = Yap;
			productName = Yap;
			productReference = 608525D62635A3A90012B132 /* Yap.app */;
			productType = "com.apple.product-type.application";
		};
/* End PBXNativeTarget section */

/* Begin PBXProject section */
		608525CE2635A3A90012B132 /* Project object */ = {
			isa = PBXProject;
			attributes = {
				LastSwiftUpdateCheck = 1240;
				LastUpgradeCheck = 1240;
				TargetAttributes = {
					608525D52635A3A90012B132 = {
						CreatedOnToolsVersion = 12.4;
					};
				};
			};
			buildConfigurationList = 608525D12635A3A90012B132 /* Build configuration list for PBXProject "Yap" */;
			compatibilityVersion = "Xcode 9.3";
			developmentRegion = en;
			hasScannedForEncodings = 0;
			knownRegions = (
				en,
				Base,
			);
			mainGroup = 608525CD2635A3A90012B132;
			productRefGroup = 608525D72635A3A90012B132 /* Products */;
			projectDirPath = "";
			projectRoot = "";
			targets = (
				608525D52635A3A90012B132 /* Yap */,
			);
		};
/* End PBXProject section */

/* Begin PBXResourcesBuildPhase section */
		608525D42635A3A90012B132 /* Resources */ = {
			isa = PBXResourcesBuildPhase;
			buildActionMask = 2147483647;
			files = (
				608525E62635A3AB0012B132 /* LaunchScreen.storyboard in Resources */,
				608525E32635A3AB0012B132 /* Assets.xcassets in Resources */,
				608525E12635A3A90012B132 /* Main.storyboard in Resources */,
			);
			runOnlyForDeploymentPostprocessing = 0;
		};
/* End PBXResourcesBuildPhase section */

/* Begin PBXShellScriptBuildPhase section */
		5534C4457F83CA2313C0417D /* [CP] Check Pods Manifest.lock */ = {
			isa = PBXShellScriptBuildPhase;
			buildActionMask = 2147483647;
			files = (
			);
			inputFileListPaths = (
			);
			inputPaths = (
				"${PODS_PODFILE_DIR_PATH}/Podfile.lock",
				"${PODS_ROOT}/Manifest.lock",
			);
			name = "[CP] Check Pods Manifest.lock";
			outputFileListPaths = (
			);
			outputPaths = (
				"$(DERIVED_FILE_DIR)/Pods-Yap-checkManifestLockResult.txt",
			);
			runOnlyForDeploymentPostprocessing = 0;
			shellPath = /bin/sh;
			shellScript = "diff \"${PODS_PODFILE_DIR_PATH}/Podfile.lock\" \"${PODS_ROOT}/Manifest.lock\" > /dev/null\nif [ $? != 0 ] ; then\n    # print error to STDERR\n    echo \"error: The sandbox is not in sync with the Podfile.lock. Run 'pod install' or update your CocoaPods installation.\" >&2\n    exit 1\nfi\n# This output is used by Xcode 'outputs' to avoid re-running this script phase.\necho \"SUCCESS\" > \"${SCRIPT_OUTPUT_FILE_0}\"\n";
			showEnvVarsInLog = 0;
		};
		F8BA71B92D8BFC4E6E51FBD8 /* [CP] Embed Pods Frameworks */ = {
			isa = PBXShellScriptBuildPhase;
			buildActionMask = 2147483647;
			files = (
			);
			inputFileListPaths = (
				"${PODS_ROOT}/Target Support Files/Pods-Yap/Pods-Yap-frameworks-${CONFIGURATION}-input-files.xcfilelist",
			);
			name = "[CP] Embed Pods Frameworks";
			outputFileListPaths = (
				"${PODS_ROOT}/Target Support Files/Pods-Yap/Pods-Yap-frameworks-${CONFIGURATION}-output-files.xcfilelist",
			);
			runOnlyForDeploymentPostprocessing = 0;
			shellPath = /bin/sh;
			shellScript = "\"${PODS_ROOT}/Target Support Files/Pods-Yap/Pods-Yap-frameworks.sh\"\n";
			showEnvVarsInLog = 0;
		};
/* End PBXShellScriptBuildPhase section */

/* Begin PBXSourcesBuildPhase section */
		608525D22635A3A90012B132 /* Sources */ = {
			isa = PBXSourcesBuildPhase;
			buildActionMask = 2147483647;
			files = (
				60C288B4264B310F00BD9B4D /* Item.swift in Sources */,
				60CB3228264956DA008538ED /* CategoryViewController.swift in Sources */,
				608525DE2635A3A90012B132 /* TodoListViewController.swift in Sources */,
				6043A28526512EB300D75386 /* SwipeTableViewController.swift in Sources */,
				608525DA2635A3A90012B132 /* AppDelegate.swift in Sources */,
				608525DC2635A3A90012B132 /* SceneDelegate.swift in Sources */,
				60C288B6264B311700BD9B4D /* Category.swift in Sources */,
			);
			runOnlyForDeploymentPostprocessing = 0;
		};
/* End PBXSourcesBuildPhase section */

/* Begin PBXVariantGroup section */
		608525DF2635A3A90012B132 /* Main.storyboard */ = {
			isa = PBXVariantGroup;
			children = (
				608525E02635A3A90012B132 /* Base */,
			);
			name = Main.storyboard;
			sourceTree = "<group>";
		};
		608525E42635A3AB0012B132 /* LaunchScreen.storyboard */ = {
			isa = PBXVariantGroup;
			children = (
				608525E52635A3AB0012B132 /* Base */,
			);
			name = LaunchScreen.storyboard;
			sourceTree = "<group>";
		};
/* End PBXVariantGroup section */

/* Begin XCBuildConfiguration section */
		608525E82635A3AB0012B132 /* Debug */ = {
			isa = XCBuildConfiguration;
			buildSettings = {
				ALWAYS_SEARCH_USER_PATHS = NO;
				CLANG_ANALYZER_NONNULL = YES;
				CLANG_ANALYZER_NUMBER_OBJECT_CONVERSION = YES_AGGRESSIVE;
				CLANG_CXX_LANGUAGE_STANDARD = "gnu++14";
				CLANG_CXX_LIBRARY = "libc++";
				CLANG_ENABLE_MODULES = YES;
				CLANG_ENABLE_OBJC_ARC = YES;
				CLANG_ENABLE_OBJC_WEAK = YES;
				CLANG_WARN_BLOCK_CAPTURE_AUTORELEASING = YES;
				CLANG_WARN_BOOL_CONVERSION = YES;
				CLANG_WARN_COMMA = YES;
				CLANG_WARN_CONSTANT_CONVERSION = YES;
				CLANG_WARN_DEPRECATED_OBJC_IMPLEMENTATIONS = YES;
				CLANG_WARN_DIRECT_OBJC_ISA_USAGE = YES_ERROR;
				CLANG_WARN_DOCUMENTATION_COMMENTS = YES;
				CLANG_WARN_EMPTY_BODY = YES;
				CLANG_WARN_ENUM_CONVERSION = YES;
				CLANG_WARN_INFINITE_RECURSION = YES;
				CLANG_WARN_INT_CONVERSION = YES;
				CLANG_WARN_NON_LITERAL_NULL_CONVERSION = YES;
				CLANG_WARN_OBJC_IMPLICIT_RETAIN_SELF = YES;
				CLANG_WARN_OBJC_LITERAL_CONVERSION = YES;
				CLANG_WARN_OBJC_ROOT_CLASS = YES_ERROR;
				CLANG_WARN_QUOTED_INCLUDE_IN_FRAMEWORK_HEADER = YES;
				CLANG_WARN_RANGE_LOOP_ANALYSIS = YES;
				CLANG_WARN_STRICT_PROTOTYPES = YES;
				CLANG_WARN_SUSPICIOUS_MOVE = YES;
				CLANG_WARN_UNGUARDED_AVAILABILITY = YES_AGGRESSIVE;
				CLANG_WARN_UNREACHABLE_CODE = YES;
				CLANG_WARN__DUPLICATE_METHOD_MATCH = YES;
				COPY_PHASE_STRIP = NO;
				DEBUG_INFORMATION_FORMAT = dwarf;
				ENABLE_STRICT_OBJC_MSGSEND = YES;
				ENABLE_TESTABILITY = YES;
				GCC_C_LANGUAGE_STANDARD = gnu11;
				GCC_DYNAMIC_NO_PIC = NO;
				GCC_NO_COMMON_BLOCKS = YES;
				GCC_OPTIMIZATION_LEVEL = 0;
				GCC_PREPROCESSOR_DEFINITIONS = (
					"DEBUG=1",
					"$(inherited)",
				);
				GCC_WARN_64_TO_32_BIT_CONVERSION = YES;
				GCC_WARN_ABOUT_RETURN_TYPE = YES_ERROR;
				GCC_WARN_UNDECLARED_SELECTOR = YES;
				GCC_WARN_UNINITIALIZED_AUTOS = YES_AGGRESSIVE;
				GCC_WARN_UNUSED_FUNCTION = YES;
				GCC_WARN_UNUSED_VARIABLE = YES;
				IPHONEOS_DEPLOYMENT_TARGET = 14.4;
				MTL_ENABLE_DEBUG_INFO = INCLUDE_SOURCE;
				MTL_FAST_MATH = YES;
				ONLY_ACTIVE_ARCH = YES;
				SDKROOT = iphoneos;
				SWIFT_ACTIVE_COMPILATION_CONDITIONS = DEBUG;
				SWIFT_OPTIMIZATION_LEVEL = "-Onone";
			};
			name = Debug;
		};
		608525E92635A3AB0012B132 /* Release */ = {
			isa = XCBuildConfiguration;
			buildSettings = {
				ALWAYS_SEARCH_USER_PATHS = NO;
				CLANG_ANALYZER_NONNULL = YES;
				CLANG_ANALYZER_NUMBER_OBJECT_CONVERSION = YES_AGGRESSIVE;
				CLANG_CXX_LANGUAGE_STANDARD = "gnu++14";
				CLANG_CXX_LIBRARY = "libc++";
				CLANG_ENABLE_MODULES = YES;
				CLANG_ENABLE_OBJC_ARC = YES;
				CLANG_ENABLE_OBJC_WEAK = YES;
				CLANG_WARN_BLOCK_CAPTURE_AUTORELEASING = YES;
				CLANG_WARN_BOOL_CONVERSION = YES;
				CLANG_WARN_COMMA = YES;
				CLANG_WARN_CONSTANT_CONVERSION = YES;
				CLANG_WARN_DEPRECATED_OBJC_IMPLEMENTATIONS = YES;
				CLANG_WARN_DIRECT_OBJC_ISA_USAGE = YES_ERROR;
				CLANG_WARN_DOCUMENTATION_COMMENTS = YES;
				CLANG_WARN_EMPTY_BODY = YES;
				CLANG_WARN_ENUM_CONVERSION = YES;
				CLANG_WARN_INFINITE_RECURSION = YES;
				CLANG_WARN_INT_CONVERSION = YES;
				CLANG_WARN_NON_LITERAL_NULL_CONVERSION = YES;
				CLANG_WARN_OBJC_IMPLICIT_RETAIN_SELF = YES;
				CLANG_WARN_OBJC_LITERAL_CONVERSION = YES;
				CLANG_WARN_OBJC_ROOT_CLASS = YES_ERROR;
				CLANG_WARN_QUOTED_INCLUDE_IN_FRAMEWORK_HEADER = YES;
				CLANG_WARN_RANGE_LOOP_ANALYSIS = YES;
				CLANG_WARN_STRICT_PROTOTYPES = YES;
				CLANG_WARN_SUSPICIOUS_MOVE = YES;
				CLANG_WARN_UNGUARDED_AVAILABILITY = YES_AGGRESSIVE;
				CLANG_WARN_UNREACHABLE_CODE = YES;
				CLANG_WARN__DUPLICATE_METHOD_MATCH = YES;
				COPY_PHASE_STRIP = NO;
				DEBUG_INFORMATION_FORMAT = "dwarf-with-dsym";
				ENABLE_NS_ASSERTIONS = NO;
				ENABLE_STRICT_OBJC_MSGSEND = YES;
				GCC_C_LANGUAGE_STANDARD = gnu11;
				GCC_NO_COMMON_BLOCKS = YES;
				GCC_WARN_64_TO_32_BIT_CONVERSION = YES;
				GCC_WARN_ABOUT_RETURN_TYPE = YES_ERROR;
				GCC_WARN_UNDECLARED_SELECTOR = YES;
				GCC_WARN_UNINITIALIZED_AUTOS = YES_AGGRESSIVE;
				GCC_WARN_UNUSED_FUNCTION = YES;
				GCC_WARN_UNUSED_VARIABLE = YES;
				IPHONEOS_DEPLOYMENT_TARGET = 14.4;
				MTL_ENABLE_DEBUG_INFO = NO;
				MTL_FAST_MATH = YES;
				SDKROOT = iphoneos;
				SWIFT_COMPILATION_MODE = wholemodule;
				SWIFT_OPTIMIZATION_LEVEL = "-O";
				VALIDATE_PRODUCT = YES;
			};
			name = Release;
		};
		608525EB2635A3AB0012B132 /* Debug */ = {
			isa = XCBuildConfiguration;
			baseConfigurationReference = ECF566154DE85D6D49CBD855 /* Pods-Yap.debug.xcconfig */;
			buildSettings = {
				ASSETCATALOG_COMPILER_APPICON_NAME = AppIcon;
				ASSETCATALOG_COMPILER_GLOBAL_ACCENT_COLOR_NAME = AccentColor;
				CODE_SIGN_STYLE = Automatic;
				DEVELOPMENT_TEAM = 74QB29T7US;
				INFOPLIST_FILE = Yap/Info.plist;
				IPHONEOS_DEPLOYMENT_TARGET = 13.0;
				LD_RUNPATH_SEARCH_PATHS = (
					"$(inherited)",
					"@executable_path/Frameworks",
				);
				PRODUCT_BUNDLE_IDENTIFIER = com.AliBarisGultekin.Yap;
				PRODUCT_NAME = "$(TARGET_NAME)";
				SWIFT_VERSION = 5.0;
				TARGETED_DEVICE_FAMILY = "1,2";
			};
			name = Debug;
		};
		608525EC2635A3AB0012B132 /* Release */ = {
			isa = XCBuildConfiguration;
			baseConfigurationReference = BFE626F090F5BA31FD0BDBCC /* Pods-Yap.release.xcconfig */;
			buildSettings = {
				ASSETCATALOG_COMPILER_APPICON_NAME = AppIcon;
				ASSETCATALOG_COMPILER_GLOBAL_ACCENT_COLOR_NAME = AccentColor;
				CODE_SIGN_STYLE = Automatic;
				DEVELOPMENT_TEAM = 74QB29T7US;
				INFOPLIST_FILE = Yap/Info.plist;
				IPHONEOS_DEPLOYMENT_TARGET = 13.0;
				LD_RUNPATH_SEARCH_PATHS = (
					"$(inherited)",
					"@executable_path/Frameworks",
				);
				PRODUCT_BUNDLE_IDENTIFIER = com.AliBarisGultekin.Yap;
				PRODUCT_NAME = "$(TARGET_NAME)";
				SWIFT_VERSION = 5.0;
				TARGETED_DEVICE_FAMILY = "1,2";
			};
			name = Release;
		};
/* End XCBuildConfiguration section */

/* Begin XCConfigurationList section */
		608525D12635A3A90012B132 /* Build configuration list for PBXProject "Yap" */ = {
			isa = XCConfigurationList;
			buildConfigurations = (
				608525E82635A3AB0012B132 /* Debug */,
				608525E92635A3AB0012B132 /* Release */,
			);
			defaultConfigurationIsVisible = 0;
			defaultConfigurationName = Release;
		};
		608525EA2635A3AB0012B132 /* Build configuration list for PBXNativeTarget "Yap" */ = {
			isa = XCConfigurationList;
			buildConfigurations = (
				608525EB2635A3AB0012B132 /* Debug */,
				608525EC2635A3AB0012B132 /* Release */,
			);
			defaultConfigurationIsVisible = 0;
			defaultConfigurationName = Release;
		};
/* End XCConfigurationList section */
	};
	rootObject = 608525CE2635A3A90012B132 /* Project object */;
}
